
Microsoft Visual Studio Solution File, Format Version 12.00
# Visual Studio Version 17
VisualStudioVersion = 17.4.33110.190
MinimumVisualStudioVersion = 10.0.40219.1
Project("{FAE04EC0-301F-11D3-BF4B-00C04F79EFBC}") = "labOOP00A", "labOOP00A\labOOP00A.csproj", "{859B0419-E6A0-4240-83CA-3C0F323F5A44}"
EndProject
Global
	GlobalSection(SolutionConfigurationPlatforms) = preSolution
		Debug|Any CPU = Debug|Any CPU
		Release|Any CPU = Release|Any CPU
	EndGlobalSection
	GlobalSection(ProjectConfigurationPlatforms) = postSolution
		{859B0419-E6A0-4240-83CA-3C0F323F5A44}.Debug|Any CPU.ActiveCfg = Debug|Any CPU
		{859B0419-E6A0-4240-83CA-3C0F323F5A44}.Debug|Any CPU.Build.0 = Debug|Any CPU
		{859B0419-E6A0-4240-83CA-3C0F323F5A44}.Release|Any CPU.ActiveCfg = Release|Any CPU
		{859B0419-E6A0-4240-83CA-3C0F323F5A44}.Release|Any CPU.Build.0 = Release|Any CPU
	EndGlobalSection
	GlobalSection(SolutionProperties) = preSolution
		HideSolutionNode = FALSE
	EndGlobalSection
	GlobalSection(ExtensibilityGlobals) = postSolution
		SolutionGuid = {4CC92F67-3264-4626-9634-216E32F65CDB}
	EndGlobalSection
EndGlobal
